
Microsoft Visual Studio Solution File, Format Version 12.00
Project("{FAE04EC0-301F-11D3-BF4B-00C04F79EFBC}") = "Gefest-Vision.Monitor", "Gefest-Vision.Monitor\Gefest-Vision.Monitor.csproj", "{D075C091-EC60-4E85-9F91-013D5A9A8544}"
EndProject
Global
	GlobalSection(SolutionConfigurationPlatforms) = preSolution
		Debug|Any CPU = Debug|Any CPU
		Release|Any CPU = Release|Any CPU
	EndGlobalSection
	GlobalSection(ProjectConfigurationPlatforms) = postSolution
		{D075C091-EC60-4E85-9F91-013D5A9A8544}.Debug|Any CPU.ActiveCfg = Debug|Any CPU
		{D075C091-EC60-4E85-9F91-013D5A9A8544}.Debug|Any CPU.Build.0 = Debug|Any CPU
		{D075C091-EC60-4E85-9F91-013D5A9A8544}.Release|Any CPU.ActiveCfg = Release|Any CPU
		{D075C091-EC60-4E85-9F91-013D5A9A8544}.Release|Any CPU.Build.0 = Release|Any CPU
	EndGlobalSection
EndGlobal
